
Microsoft Visual Studio Solution File, Format Version 12.00
# Visual Studio Version 17
VisualStudioVersion = 17.2.32630.192
MinimumVisualStudioVersion = 10.0.40219.1
Project("{FAE04EC0-301F-11D3-BF4B-00C04F79EFBC}") = "Mpayz.Server", "Mpayz\Server\Mpayz.Server.csproj", "{B5BD9B4D-6981-469F-BF3D-1843B4DA4222}"
EndProject
Project("{FAE04EC0-301F-11D3-BF4B-00C04F79EFBC}") = "Mpayz.Client", "Mpayz\Client\Mpayz.Client.csproj", "{C48FF203-BDD0-4D2C-98D3-32328FE9F549}"
EndProject
Project("{FAE04EC0-301F-11D3-BF4B-00C04F79EFBC}") = "Mpayz.Shared", "Mpayz\Shared\Mpayz.Shared.csproj", "{206BB084-4E6A-4497-BC1F-70435E01174B}"
EndProject
Global
	GlobalSection(SolutionConfigurationPlatforms) = preSolution
		Debug|Any CPU = Debug|Any CPU
		Release|Any CPU = Release|Any CPU
	EndGlobalSection
	GlobalSection(ProjectConfigurationPlatforms) = postSolution
		{B5BD9B4D-6981-469F-BF3D-1843B4DA4222}.Debug|Any CPU.ActiveCfg = Debug|Any CPU
		{B5BD9B4D-6981-469F-BF3D-1843B4DA4222}.Debug|Any CPU.Build.0 = Debug|Any CPU
		{B5BD9B4D-6981-469F-BF3D-1843B4DA4222}.Release|Any CPU.ActiveCfg = Release|Any CPU
		{B5BD9B4D-6981-469F-BF3D-1843B4DA4222}.Release|Any CPU.Build.0 = Release|Any CPU
		{C48FF203-BDD0-4D2C-98D3-32328FE9F549}.Debug|Any CPU.ActiveCfg = Debug|Any CPU
		{C48FF203-BDD0-4D2C-98D3-32328FE9F549}.Debug|Any CPU.Build.0 = Debug|Any CPU
		{C48FF203-BDD0-4D2C-98D3-32328FE9F549}.Release|Any CPU.ActiveCfg = Release|Any CPU
		{C48FF203-BDD0-4D2C-98D3-32328FE9F549}.Release|Any CPU.Build.0 = Release|Any CPU
		{206BB084-4E6A-4497-BC1F-70435E01174B}.Debug|Any CPU.ActiveCfg = Debug|Any CPU
		{206BB084-4E6A-4497-BC1F-70435E01174B}.Debug|Any CPU.Build.0 = Debug|Any CPU
		{206BB084-4E6A-4497-BC1F-70435E01174B}.Release|Any CPU.ActiveCfg = Release|Any CPU
		{206BB084-4E6A-4497-BC1F-70435E01174B}.Release|Any CPU.Build.0 = Release|Any CPU
	EndGlobalSection
	GlobalSection(SolutionProperties) = preSolution
		HideSolutionNode = FALSE
	EndGlobalSection
	GlobalSection(ExtensibilityGlobals) = postSolution
		SolutionGuid = {F9B7E6EF-75AA-40AC-B646-3A3D06B1AC2C}
	EndGlobalSection
EndGlobal
